{
  "requires": true,
  "lockfileVersion": 1,
  "dependencies": {
    "selenium-server-standalone-jar": {
      "version": "3.141.5",
      "resolved": "https://registry.npmjs.org/selenium-server-standalone-jar/-/selenium-server-standalone-jar-3.141.5.tgz",
      "integrity": "sha512-Dq+N2zTxQynVVNKh8MowFnVX/wK01B+02mLZLIE/pC9xKfosju1iIWyPnvzPvZXUhyQzUgT2/r973SqKCcrxpg==",
      "dev": true
    }
  }
}
